{
  "name": "@rero/shared",
  "version": "0.0.1",
  "lockfileVersion": 2,
  "requires": true,
  "packages": {
    "": {
      "name": "@rero/shared",
      "version": "0.0.1",
      "dependencies": {
        "primeng": "^14.2.2",
        "tslib": "^2.1.0"
      },
      "peerDependencies": {
        "@angular/common": "^14.0.0",
        "@angular/core": "^14.0.0",
        "@biesbjerg/ngx-translate-extract-marker": "^1.0.0",
        "@ngx-translate/core": "^14.0.0"
      }
    },
    "node_modules/@angular/common": {
      "version": "14.2.12",
      "resolved": "https://registry.npmjs.org/@angular/common/-/common-14.2.12.tgz",
      "integrity": "sha512-oZunh9wfInFWhNO1P8uoEs/o4u8kerKMhw8GruywKm1TV7gHDP2Fi5WHGjFqq3XYptgBTPCTSEfyLX6Cwq1PUw==",
      "peer": true,
      "dependencies": {
        "tslib": "^2.3.0"
      },
      "engines": {
        "node": "^14.15.0 || >=16.10.0"
      },
      "peerDependencies": {
        "@angular/core": "14.2.12",
        "rxjs": "^6.5.3 || ^7.4.0"
      }
    },
    "node_modules/@angular/core": {
      "version": "14.2.12",
      "resolved": "https://registry.npmjs.org/@angular/core/-/core-14.2.12.tgz",
      "integrity": "sha512-sGQxU5u4uawwvJa6jOTmGoisJiQ5HIN/RoBw99CmoqZIVyUSg9IRJJC1KVdH8gbpWBNLkElZv21lwJTL/msWyg==",
      "peer": true,
      "dependencies": {
        "tslib": "^2.3.0"
      },
      "engines": {
        "node": "^14.15.0 || >=16.10.0"
      },
      "peerDependencies": {
        "rxjs": "^6.5.3 || ^7.4.0",
        "zone.js": "~0.11.4 || ~0.12.0"
      }
    },
    "node_modules/@angular/forms": {
      "version": "14.2.12",
      "resolved": "https://registry.npmjs.org/@angular/forms/-/forms-14.2.12.tgz",
      "integrity": "sha512-7abYlGIT2JnAtutQUlH3fQS6QEpbfftgvsVcZJCyvX0rXL3u2w2vUQkDHJH4YJJp3AHFVCH4/l7R4VcaPnrwvA==",
      "peer": true,
      "dependencies": {
        "tslib": "^2.3.0"
      },
      "engines": {
        "node": "^14.15.0 || >=16.10.0"
      },
      "peerDependencies": {
        "@angular/common": "14.2.12",
        "@angular/core": "14.2.12",
        "@angular/platform-browser": "14.2.12",
        "rxjs": "^6.5.3 || ^7.4.0"
      }
    },
    "node_modules/@angular/platform-browser": {
      "version": "14.2.12",
      "resolved": "https://registry.npmjs.org/@angular/platform-browser/-/platform-browser-14.2.12.tgz",
      "integrity": "sha512-vOarWym8ucl1gjYWCzdwyBha+MTvL381mvTTUu8aUx6nVhHFjv4bvpjlZnZgojecqUPyxOwmPLLHvCZPJVHZYg==",
      "peer": true,
      "dependencies": {
        "tslib": "^2.3.0"
      },
      "engines": {
        "node": "^14.15.0 || >=16.10.0"
      },
      "peerDependencies": {
        "@angular/animations": "14.2.12",
        "@angular/common": "14.2.12",
        "@angular/core": "14.2.12"
      },
      "peerDependenciesMeta": {
        "@angular/animations": {
          "optional": true
        }
      }
    },
    "node_modules/@biesbjerg/ngx-translate-extract-marker": {
      "version": "1.0.0",
      "resolved": "https://registry.npmjs.org/@biesbjerg/ngx-translate-extract-marker/-/ngx-translate-extract-marker-1.0.0.tgz",
      "integrity": "sha512-GlCBQKmFE+b+qfIO0aGvuRc4LJVSfK27K2QQFXZLP55/w28iiq/q2CnBS8ya+4l+hapm7U3QPtFoZu9lmbUuew==",
      "peer": true,
      "dependencies": {
        "tslib": "^1.9.0"
      }
    },
    "node_modules/@biesbjerg/ngx-translate-extract-marker/node_modules/tslib": {
      "version": "1.14.1",
      "resolved": "https://registry.npmjs.org/tslib/-/tslib-1.14.1.tgz",
      "integrity": "sha512-Xni35NKzjgMrwevysHTCArtLDpPvye8zV/0E4EyYn43P7/7qvQwPh9BGkHewbMulVntbigmcT7rdX3BNo9wRJg==",
      "peer": true
    },
    "node_modules/@ngx-translate/core": {
      "version": "14.0.0",
      "resolved": "https://registry.npmjs.org/@ngx-translate/core/-/core-14.0.0.tgz",
      "integrity": "sha512-UevdwNCXMRCdJv//0kC8h2eSfmi02r29xeE8E9gJ1Al4D4jEJ7eiLPdjslTMc21oJNGguqqWeEVjf64SFtvw2w==",
      "peer": true,
      "dependencies": {
        "tslib": "^2.3.0"
      },
      "peerDependencies": {
        "@angular/core": ">=13.0.0",
        "rxjs": "^6.5.3 || ^7.4.0"
      }
    },
    "node_modules/primeicons": {
      "version": "6.0.1",
      "resolved": "https://registry.npmjs.org/primeicons/-/primeicons-6.0.1.tgz",
      "integrity": "sha512-KDeO94CbWI4pKsPnYpA1FPjo79EsY9I+M8ywoPBSf9XMXoe/0crjbUK7jcQEDHuc0ZMRIZsxH3TYLv4TUtHmAA==",
      "peer": true
    },
    "node_modules/primeng": {
      "version": "14.2.2",
      "resolved": "https://registry.npmjs.org/primeng/-/primeng-14.2.2.tgz",
      "integrity": "sha512-CV7dWwpBYqMgKliryJ6+CJZgdawl04V1Cp5mQmziEedJVhMGPg/QwU2Fi0v7AS9i1uXQRI9c420BDn+yZ+GrDQ==",
      "dependencies": {
        "tslib": "^2.3.0"
      },
      "peerDependencies": {
        "@angular/common": "^14.0.0",
        "@angular/core": "^14.0.0",
        "@angular/forms": "^14.0.0",
        "primeicons": "^6.0.1",
        "rxjs": "^6.0.0 || ^7.0.0",
        "zone.js": "^0.10.2 || ^0.11.0 || ^0.12.0"
      }
    },
    "node_modules/rxjs": {
      "version": "7.5.7",
      "resolved": "https://registry.npmjs.org/rxjs/-/rxjs-7.5.7.tgz",
      "integrity": "sha512-z9MzKh/UcOqB3i20H6rtrlaE/CgjLOvheWK/9ILrbhROGTweAi1BaFsTT9FbwZi5Trr1qNRs+MXkhmR06awzQA==",
      "peer": true,
      "dependencies": {
        "tslib": "^2.1.0"
      }
    },
    "node_modules/tslib": {
      "version": "2.4.1",
      "resolved": "https://registry.npmjs.org/tslib/-/tslib-2.4.1.tgz",
      "integrity": "sha512-tGyy4dAjRIEwI7BzsB0lynWgOpfqjUdq91XXAlIWD2OwKBH7oCl/GZG/HT4BOHrTlPMOASlMQ7veyTqpmRcrNA=="
    },
    "node_modules/zone.js": {
      "version": "0.12.0",
      "resolved": "https://registry.npmjs.org/zone.js/-/zone.js-0.12.0.tgz",
      "integrity": "sha512-XtC+I5dXU14HrzidAKBNMqneIVUykLEAA1x+v4KVrd6AUPWlwYORF8KgsVqvgdHiKZ4BkxxjvYi/ksEixTPR0Q==",
      "peer": true,
      "dependencies": {
        "tslib": "^2.3.0"
      }
    }
  },
  "dependencies": {
    "@angular/common": {
      "version": "14.2.12",
      "resolved": "https://registry.npmjs.org/@angular/common/-/common-14.2.12.tgz",
      "integrity": "sha512-oZunh9wfInFWhNO1P8uoEs/o4u8kerKMhw8GruywKm1TV7gHDP2Fi5WHGjFqq3XYptgBTPCTSEfyLX6Cwq1PUw==",
      "peer": true,
      "requires": {
        "tslib": "^2.3.0"
      }
    },
    "@angular/core": {
      "version": "14.2.12",
      "resolved": "https://registry.npmjs.org/@angular/core/-/core-14.2.12.tgz",
      "integrity": "sha512-sGQxU5u4uawwvJa6jOTmGoisJiQ5HIN/RoBw99CmoqZIVyUSg9IRJJC1KVdH8gbpWBNLkElZv21lwJTL/msWyg==",
      "peer": true,
      "requires": {
        "tslib": "^2.3.0"
      }
    },
    "@angular/forms": {
      "version": "14.2.12",
      "resolved": "https://registry.npmjs.org/@angular/forms/-/forms-14.2.12.tgz",
      "integrity": "sha512-7abYlGIT2JnAtutQUlH3fQS6QEpbfftgvsVcZJCyvX0rXL3u2w2vUQkDHJH4YJJp3AHFVCH4/l7R4VcaPnrwvA==",
      "peer": true,
      "requires": {
        "tslib": "^2.3.0"
      }
    },
    "@angular/platform-browser": {
      "version": "14.2.12",
      "resolved": "https://registry.npmjs.org/@angular/platform-browser/-/platform-browser-14.2.12.tgz",
      "integrity": "sha512-vOarWym8ucl1gjYWCzdwyBha+MTvL381mvTTUu8aUx6nVhHFjv4bvpjlZnZgojecqUPyxOwmPLLHvCZPJVHZYg==",
      "peer": true,
      "requires": {
        "tslib": "^2.3.0"
      }
    },
    "@biesbjerg/ngx-translate-extract-marker": {
      "version": "1.0.0",
      "resolved": "https://registry.npmjs.org/@biesbjerg/ngx-translate-extract-marker/-/ngx-translate-extract-marker-1.0.0.tgz",
      "integrity": "sha512-GlCBQKmFE+b+qfIO0aGvuRc4LJVSfK27K2QQFXZLP55/w28iiq/q2CnBS8ya+4l+hapm7U3QPtFoZu9lmbUuew==",
      "peer": true,
      "requires": {
        "tslib": "^1.9.0"
      },
      "dependencies": {
        "tslib": {
          "version": "1.14.1",
          "resolved": "https://registry.npmjs.org/tslib/-/tslib-1.14.1.tgz",
          "integrity": "sha512-Xni35NKzjgMrwevysHTCArtLDpPvye8zV/0E4EyYn43P7/7qvQwPh9BGkHewbMulVntbigmcT7rdX3BNo9wRJg==",
          "peer": true
        }
      }
    },
    "@ngx-translate/core": {
      "version": "14.0.0",
      "resolved": "https://registry.npmjs.org/@ngx-translate/core/-/core-14.0.0.tgz",
      "integrity": "sha512-UevdwNCXMRCdJv//0kC8h2eSfmi02r29xeE8E9gJ1Al4D4jEJ7eiLPdjslTMc21oJNGguqqWeEVjf64SFtvw2w==",
      "peer": true,
      "requires": {
        "tslib": "^2.3.0"
      }
    },
    "primeicons": {
      "version": "6.0.1",
      "resolved": "https://registry.npmjs.org/primeicons/-/primeicons-6.0.1.tgz",
      "integrity": "sha512-KDeO94CbWI4pKsPnYpA1FPjo79EsY9I+M8ywoPBSf9XMXoe/0crjbUK7jcQEDHuc0ZMRIZsxH3TYLv4TUtHmAA==",
      "peer": true
    },
    "primeng": {
      "version": "14.2.2",
      "resolved": "https://registry.npmjs.org/primeng/-/primeng-14.2.2.tgz",
      "integrity": "sha512-CV7dWwpBYqMgKliryJ6+CJZgdawl04V1Cp5mQmziEedJVhMGPg/QwU2Fi0v7AS9i1uXQRI9c420BDn+yZ+GrDQ==",
      "requires": {
        "tslib": "^2.3.0"
      }
    },
    "rxjs": {
      "version": "7.5.7",
      "resolved": "https://registry.npmjs.org/rxjs/-/rxjs-7.5.7.tgz",
      "integrity": "sha512-z9MzKh/UcOqB3i20H6rtrlaE/CgjLOvheWK/9ILrbhROGTweAi1BaFsTT9FbwZi5Trr1qNRs+MXkhmR06awzQA==",
      "peer": true,
      "requires": {
        "tslib": "^2.1.0"
      }
    },
    "tslib": {
      "version": "2.4.1",
      "resolved": "https://registry.npmjs.org/tslib/-/tslib-2.4.1.tgz",
      "integrity": "sha512-tGyy4dAjRIEwI7BzsB0lynWgOpfqjUdq91XXAlIWD2OwKBH7oCl/GZG/HT4BOHrTlPMOASlMQ7veyTqpmRcrNA=="
    },
    "zone.js": {
      "version": "0.12.0",
      "resolved": "https://registry.npmjs.org/zone.js/-/zone.js-0.12.0.tgz",
      "integrity": "sha512-XtC+I5dXU14HrzidAKBNMqneIVUykLEAA1x+v4KVrd6AUPWlwYORF8KgsVqvgdHiKZ4BkxxjvYi/ksEixTPR0Q==",
      "peer": true,
      "requires": {
        "tslib": "^2.3.0"
      }
    }
  }
}
